// !$*UTF8*$!
{
	archiveVersion = 1;
	classes = {
	};
	objectVersion = 56;
	objects = {

/* Begin PBXBuildFile section */
		2D8A745CB6AA866D7C379AFD /* Pods_PetCare_PetCareUITests.framework in Frameworks */ = {isa = PBXBuildFile; fileRef = DCA838CDE1F0CD3BA46D0F00 /* Pods_PetCare_PetCareUITests.framework */; };
		4AE2AB32616B763E05841470 /* Pods_PetCare.framework in Frameworks */ = {isa = PBXBuildFile; fileRef = 59BE7A081A430100E7AF8851 /* Pods_PetCare.framework */; };
		B005C3DE2BA1B72200D1C3BE /* FirebaseAnalytics in Frameworks */ = {isa = PBXBuildFile; productRef = B005C3DD2BA1B72200D1C3BE /* FirebaseAnalytics */; };
		B005C3E02BA1B72200D1C3BE /* FirebaseCrashlytics in Frameworks */ = {isa = PBXBuildFile; productRef = B005C3DF2BA1B72200D1C3BE /* FirebaseCrashlytics */; };
		B005C3E62BA1C28F00D1C3BE /* GoogleService-Info.plist in Resources */ = {isa = PBXBuildFile; fileRef = B005C3E52BA1C28F00D1C3BE /* GoogleService-Info.plist */; };
		B005C3E82BA1E02E00D1C3BE /* NoAppointementView.swift in Sources */ = {isa = PBXBuildFile; fileRef = B005C3E72BA1E02E00D1C3BE /* NoAppointementView.swift */; };
		B005C3EA2BA23A4B00D1C3BE /* Localizable.xcstrings in Resources */ = {isa = PBXBuildFile; fileRef = B005C3E92BA23A4B00D1C3BE /* Localizable.xcstrings */; };
		B006407D2B4DBEA2002A4139 /* CoreDataManager.swift in Sources */ = {isa = PBXBuildFile; fileRef = B006407C2B4DBEA2002A4139 /* CoreDataManager.swift */; };
		B00640812B4F73E4002A4139 /* AnimalTableViewCell.swift in Sources */ = {isa = PBXBuildFile; fileRef = B00640802B4F73E4002A4139 /* AnimalTableViewCell.swift */; };
		B00640832B4F77D1002A4139 /* AnimalDetailViewController.swift in Sources */ = {isa = PBXBuildFile; fileRef = B00640822B4F77D1002A4139 /* AnimalDetailViewController.swift */; };
		B00640852B4F815E002A4139 /* AnimalDetailView.swift in Sources */ = {isa = PBXBuildFile; fileRef = B00640842B4F815E002A4139 /* AnimalDetailView.swift */; };
		B00640882B4F8A3A002A4139 /* AnimalForm.swift in Sources */ = {isa = PBXBuildFile; fileRef = B00640872B4F8A3A002A4139 /* AnimalForm.swift */; };
		B006408A2B4F8CE2002A4139 /* FormView.swift in Sources */ = {isa = PBXBuildFile; fileRef = B00640892B4F8CE2002A4139 /* FormView.swift */; };
		B019FBAA2B6FD239007535C2 /* AnimalDetailCollectionViewCell.swift in Sources */ = {isa = PBXBuildFile; fileRef = B019FBA92B6FD238007535C2 /* AnimalDetailCollectionViewCell.swift */; };
		B032A7FB2B6293C30023B8B5 /* AppointmentCollectionViewCell.swift in Sources */ = {isa = PBXBuildFile; fileRef = B032A7FA2B6293C30023B8B5 /* AppointmentCollectionViewCell.swift */; };
		B04459202B5F3021002CD33B /* VeterinarianDetailViewController.swift in Sources */ = {isa = PBXBuildFile; fileRef = B044591F2B5F3021002CD33B /* VeterinarianDetailViewController.swift */; };
		B04459232B5F3452002CD33B /* VeterinarianEditViewController.swift in Sources */ = {isa = PBXBuildFile; fileRef = B04459222B5F3452002CD33B /* VeterinarianEditViewController.swift */; };
		B04459252B5F3531002CD33B /* VeterinarianEditView.swift in Sources */ = {isa = PBXBuildFile; fileRef = B04459242B5F3531002CD33B /* VeterinarianEditView.swift */; };
		B04459272B5F360B002CD33B /* VeterinarianDetailView.swift in Sources */ = {isa = PBXBuildFile; fileRef = B04459262B5F360B002CD33B /* VeterinarianDetailView.swift */; };
		B044592C2B5F514A002CD33B /* SettingsViewController.swift in Sources */ = {isa = PBXBuildFile; fileRef = B044592B2B5F514A002CD33B /* SettingsViewController.swift */; };
		B04459302B5FDB79002CD33B /* AppointementViewController.swift in Sources */ = {isa = PBXBuildFile; fileRef = B044592F2B5FDB79002CD33B /* AppointementViewController.swift */; };
		B04459322B5FDBAD002CD33B /* Appointement.swift in Sources */ = {isa = PBXBuildFile; fileRef = B04459312B5FDBAD002CD33B /* Appointement.swift */; };
		B04459342B5FDC2A002CD33B /* AppointementView.swift in Sources */ = {isa = PBXBuildFile; fileRef = B04459332B5FDC2A002CD33B /* AppointementView.swift */; };
		B04BDB432B486FC200592B31 /* AppDelegate.swift in Sources */ = {isa = PBXBuildFile; fileRef = B04BDB422B486FC200592B31 /* AppDelegate.swift */; };
		B04BDB452B486FC200592B31 /* SceneDelegate.swift in Sources */ = {isa = PBXBuildFile; fileRef = B04BDB442B486FC200592B31 /* SceneDelegate.swift */; };
		B04BDB472B486FC200592B31 /* MainViewController.swift in Sources */ = {isa = PBXBuildFile; fileRef = B04BDB462B486FC200592B31 /* MainViewController.swift */; };
		B04BDB4D2B486FC200592B31 /* PetCare.xcdatamodeld in Sources */ = {isa = PBXBuildFile; fileRef = B04BDB4B2B486FC200592B31 /* PetCare.xcdatamodeld */; };
		B04BDB4F2B486FC300592B31 /* Assets.xcassets in Resources */ = {isa = PBXBuildFile; fileRef = B04BDB4E2B486FC300592B31 /* Assets.xcassets */; };
		B04BDB522B486FC300592B31 /* LaunchScreen.storyboard in Resources */ = {isa = PBXBuildFile; fileRef = B04BDB502B486FC300592B31 /* LaunchScreen.storyboard */; };
		B04BDB5D2B486FC300592B31 /* PetCareTests.swift in Sources */ = {isa = PBXBuildFile; fileRef = B04BDB5C2B486FC300592B31 /* PetCareTests.swift */; };
		B04BDB672B486FC300592B31 /* PetCareUITests.swift in Sources */ = {isa = PBXBuildFile; fileRef = B04BDB662B486FC300592B31 /* PetCareUITests.swift */; };
		B04BDB692B486FC300592B31 /* PetCareUITestsLaunchTests.swift in Sources */ = {isa = PBXBuildFile; fileRef = B04BDB682B486FC300592B31 /* PetCareUITestsLaunchTests.swift */; };
		B04BDB8A2B4B1BFF00592B31 /* 1.json in Resources */ = {isa = PBXBuildFile; fileRef = B04BDB872B4B1BFF00592B31 /* 1.json */; };
		B04BDB8B2B4B1BFF00592B31 /* 2.json in Resources */ = {isa = PBXBuildFile; fileRef = B04BDB882B4B1BFF00592B31 /* 2.json */; };
		B04BDB8C2B4B1BFF00592B31 /* 3.json in Resources */ = {isa = PBXBuildFile; fileRef = B04BDB892B4B1BFF00592B31 /* 3.json */; };
		B04BDB902B4B211100592B31 /* loadingCat.json in Resources */ = {isa = PBXBuildFile; fileRef = B04BDB8D2B4B211100592B31 /* loadingCat.json */; };
		B04BDB912B4B211100592B31 /* 4.json in Resources */ = {isa = PBXBuildFile; fileRef = B04BDB8E2B4B211100592B31 /* 4.json */; };
		B04BDB922B4B211100592B31 /* 5.json in Resources */ = {isa = PBXBuildFile; fileRef = B04BDB8F2B4B211100592B31 /* 5.json */; };
		B04BDB942B4C11A600592B31 /* LoadingView.swift in Sources */ = {isa = PBXBuildFile; fileRef = B04BDB932B4C11A600592B31 /* LoadingView.swift */; };
		B07A05632BADAA1700D25E0D /* AddAppointmentView.swift in Sources */ = {isa = PBXBuildFile; fileRef = B07A05622BADAA1700D25E0D /* AddAppointmentView.swift */; };
		B08C7EA12B549F1B0090E205 /* AddAnimalView.swift in Sources */ = {isa = PBXBuildFile; fileRef = B08C7EA02B549F1B0090E205 /* AddAnimalView.swift */; };
		B097645E2B64E389006C927F /* AnimalCollectionViewCell.swift in Sources */ = {isa = PBXBuildFile; fileRef = B097645D2B64E389006C927F /* AnimalCollectionViewCell.swift */; };
		B09BBBF02B55E6930046E0A9 /* VeterinarianForm.swift in Sources */ = {isa = PBXBuildFile; fileRef = B09BBBEF2B55E6930046E0A9 /* VeterinarianForm.swift */; };
		B09BBBF22B55E6FF0046E0A9 /* Veterinarian.swift in Sources */ = {isa = PBXBuildFile; fileRef = B09BBBF12B55E6FF0046E0A9 /* Veterinarian.swift */; };
		B0A652612B650DA000ED57FC /* cat.json in Resources */ = {isa = PBXBuildFile; fileRef = B0A6525F2B650DA000ED57FC /* cat.json */; };
		B0A652622B650DA000ED57FC /* dog.json in Resources */ = {isa = PBXBuildFile; fileRef = B0A652602B650DA000ED57FC /* dog.json */; };
		B0A652642B6A3FA300ED57FC /* EditAnimalViewController.swift in Sources */ = {isa = PBXBuildFile; fileRef = B0A652632B6A3FA300ED57FC /* EditAnimalViewController.swift */; };
		B0A652662B6A453A00ED57FC /* EditAnimalView.swift in Sources */ = {isa = PBXBuildFile; fileRef = B0A652652B6A453A00ED57FC /* EditAnimalView.swift */; };
		B0C928CC2BDA9B8E00679AA0 /* blabla.swift in Sources */ = {isa = PBXBuildFile; fileRef = B0C928CB2BDA9B8E00679AA0 /* blabla.swift */; };
		B0C928CE2BDA9D1400679AA0 /* Mock.generated.swift in Sources */ = {isa = PBXBuildFile; fileRef = B0C928CD2BDA9D1400679AA0 /* Mock.generated.swift */; };
		B0CD9A772BA76A7F004621B5 /* AddAppointementViewController.swift in Sources */ = {isa = PBXBuildFile; fileRef = B0CD9A762BA76A7F004621B5 /* AddAppointementViewController.swift */; };
		B0CD9A792BA76BC7004621B5 /* AppointmentForm.swift in Sources */ = {isa = PBXBuildFile; fileRef = B0CD9A782BA76BC7004621B5 /* AppointmentForm.swift */; };
		B0DADBB32B597ABB002A6BAD /* test.swift in Sources */ = {isa = PBXBuildFile; fileRef = B0DADBB22B597ABB002A6BAD /* test.swift */; };
		B0EB68CE2B4C4D9A0078D29D /* TabBarController.swift in Sources */ = {isa = PBXBuildFile; fileRef = B0EB68CD2B4C4D9A0078D29D /* TabBarController.swift */; };
		B0EB68D02B4C4DFF0078D29D /* HomeViewController.swift in Sources */ = {isa = PBXBuildFile; fileRef = B0EB68CF2B4C4DFF0078D29D /* HomeViewController.swift */; };
		B0EB68D22B4C4EA90078D29D /* AnimalsViewController.swift in Sources */ = {isa = PBXBuildFile; fileRef = B0EB68D12B4C4EA90078D29D /* AnimalsViewController.swift */; };
		B0EB68D42B4C4F670078D29D /* VeterinariansViewController.swift in Sources */ = {isa = PBXBuildFile; fileRef = B0EB68D32B4C4F670078D29D /* VeterinariansViewController.swift */; };
		B0EB68DA2B4C5DE70078D29D /* NoAnimalView.swift in Sources */ = {isa = PBXBuildFile; fileRef = B0EB68D92B4C5DE70078D29D /* NoAnimalView.swift */; };
		B0EB68DC2B4C7DE80078D29D /* Animal.swift in Sources */ = {isa = PBXBuildFile; fileRef = B0EB68DB2B4C7DE80078D29D /* Animal.swift */; };
		B0EB68E02B4C83390078D29D /* AddAnimalViewController.swift in Sources */ = {isa = PBXBuildFile; fileRef = B0EB68DF2B4C83390078D29D /* AddAnimalViewController.swift */; };
		B0F3A4FA2B5E8E060084A6E6 /* AddVetViewController.swift in Sources */ = {isa = PBXBuildFile; fileRef = B0F3A4F92B5E8E060084A6E6 /* AddVetViewController.swift */; };
		B0F3A4FC2B5E94870084A6E6 /* AddVeterinarianView.swift in Sources */ = {isa = PBXBuildFile; fileRef = B0F3A4FB2B5E94870084A6E6 /* AddVeterinarianView.swift */; };
		B0F3A5042B5EB2420084A6E6 /* VeterinarianTableViewCell.swift in Sources */ = {isa = PBXBuildFile; fileRef = B0F3A5032B5EB2420084A6E6 /* VeterinarianTableViewCell.swift */; };
		B0FB0FFD2B8786E100466FB1 /* AnimalHomeCollectionViewCell.swift in Sources */ = {isa = PBXBuildFile; fileRef = B0FB0FFC2B8786E100466FB1 /* AnimalHomeCollectionViewCell.swift */; };
		B0FB0FFF2B878C9300466FB1 /* HeaderCollectionReusableView.swift in Sources */ = {isa = PBXBuildFile; fileRef = B0FB0FFE2B878C9300466FB1 /* HeaderCollectionReusableView.swift */; };
		B0FB10022B87978F00466FB1 /* HomeView2Controller.swift in Sources */ = {isa = PBXBuildFile; fileRef = B0FB10012B87978F00466FB1 /* HomeView2Controller.swift */; };
		B0FB10042B87998F00466FB1 /* AppointementCollectionViewCell.swift in Sources */ = {isa = PBXBuildFile; fileRef = B0FB10032B87998F00466FB1 /* AppointementCollectionViewCell.swift */; };
		B0FB10062B87B4D800466FB1 /* OtherCollectionViewCell.swift in Sources */ = {isa = PBXBuildFile; fileRef = B0FB10052B87B4D800466FB1 /* OtherCollectionViewCell.swift */; };
		B7C10BC6EE8159CD3C47A820 /* Pods_PetCareTests.framework in Frameworks */ = {isa = PBXBuildFile; fileRef = 1D80AA55724F2A207DD12FCD /* Pods_PetCareTests.framework */; };
/* End PBXBuildFile section */

/* Begin PBXContainerItemProxy section */
		B04BDB592B486FC300592B31 /* PBXContainerItemProxy */ = {
			isa = PBXContainerItemProxy;
			containerPortal = B04BDB372B486FC200592B31 /* Project object */;
			proxyType = 1;
			remoteGlobalIDString = B04BDB3E2B486FC200592B31;
			remoteInfo = PetCare;
		};
		B04BDB632B486FC300592B31 /* PBXContainerItemProxy */ = {
			isa = PBXContainerItemProxy;
			containerPortal = B04BDB372B486FC200592B31 /* Project object */;
			proxyType = 1;
			remoteGlobalIDString = B04BDB3E2B486FC200592B31;
			remoteInfo = PetCare;
		};
/* End PBXContainerItemProxy section */

/* Begin PBXFileReference section */
		1D80AA55724F2A207DD12FCD /* Pods_PetCareTests.framework */ = {isa = PBXFileReference; explicitFileType = wrapper.framework; includeInIndex = 0; path = Pods_PetCareTests.framework; sourceTree = BUILT_PRODUCTS_DIR; };
		59BE7A081A430100E7AF8851 /* Pods_PetCare.framework */ = {isa = PBXFileReference; explicitFileType = wrapper.framework; includeInIndex = 0; path = Pods_PetCare.framework; sourceTree = BUILT_PRODUCTS_DIR; };
		601CD90CBB86942FE805F358 /* Pods-PetCare.debug.xcconfig */ = {isa = PBXFileReference; includeInIndex = 1; lastKnownFileType = text.xcconfig; name = "Pods-PetCare.debug.xcconfig"; path = "Target Support Files/Pods-PetCare/Pods-PetCare.debug.xcconfig"; sourceTree = "<group>"; };
		65D73E0EB6A0019121299614 /* Pods-PetCareTests.debug.xcconfig */ = {isa = PBXFileReference; includeInIndex = 1; lastKnownFileType = text.xcconfig; name = "Pods-PetCareTests.debug.xcconfig"; path = "Target Support Files/Pods-PetCareTests/Pods-PetCareTests.debug.xcconfig"; sourceTree = "<group>"; };
		B005C3E52BA1C28F00D1C3BE /* GoogleService-Info.plist */ = {isa = PBXFileReference; fileEncoding = 4; lastKnownFileType = text.plist.xml; path = "GoogleService-Info.plist"; sourceTree = "<group>"; };
		B005C3E72BA1E02E00D1C3BE /* NoAppointementView.swift */ = {isa = PBXFileReference; lastKnownFileType = sourcecode.swift; path = NoAppointementView.swift; sourceTree = "<group>"; };
		B005C3E92BA23A4B00D1C3BE /* Localizable.xcstrings */ = {isa = PBXFileReference; lastKnownFileType = text.json.xcstrings; path = Localizable.xcstrings; sourceTree = "<group>"; };
		B006407C2B4DBEA2002A4139 /* CoreDataManager.swift */ = {isa = PBXFileReference; lastKnownFileType = sourcecode.swift; path = CoreDataManager.swift; sourceTree = "<group>"; };
		B00640802B4F73E4002A4139 /* AnimalTableViewCell.swift */ = {isa = PBXFileReference; lastKnownFileType = sourcecode.swift; path = AnimalTableViewCell.swift; sourceTree = "<group>"; };
		B00640822B4F77D1002A4139 /* AnimalDetailViewController.swift */ = {isa = PBXFileReference; lastKnownFileType = sourcecode.swift; path = AnimalDetailViewController.swift; sourceTree = "<group>"; };
		B00640842B4F815E002A4139 /* AnimalDetailView.swift */ = {isa = PBXFileReference; lastKnownFileType = sourcecode.swift; path = AnimalDetailView.swift; sourceTree = "<group>"; };
		B00640872B4F8A3A002A4139 /* AnimalForm.swift */ = {isa = PBXFileReference; lastKnownFileType = sourcecode.swift; path = AnimalForm.swift; sourceTree = "<group>"; };
		B00640892B4F8CE2002A4139 /* FormView.swift */ = {isa = PBXFileReference; lastKnownFileType = sourcecode.swift; path = FormView.swift; sourceTree = "<group>"; };
		B019FBA92B6FD238007535C2 /* AnimalDetailCollectionViewCell.swift */ = {isa = PBXFileReference; lastKnownFileType = sourcecode.swift; path = AnimalDetailCollectionViewCell.swift; sourceTree = "<group>"; };
		B032A7FA2B6293C30023B8B5 /* AppointmentCollectionViewCell.swift */ = {isa = PBXFileReference; lastKnownFileType = sourcecode.swift; path = AppointmentCollectionViewCell.swift; sourceTree = "<group>"; };
		B044591F2B5F3021002CD33B /* VeterinarianDetailViewController.swift */ = {isa = PBXFileReference; lastKnownFileType = sourcecode.swift; path = VeterinarianDetailViewController.swift; sourceTree = "<group>"; };
		B04459222B5F3452002CD33B /* VeterinarianEditViewController.swift */ = {isa = PBXFileReference; lastKnownFileType = sourcecode.swift; path = VeterinarianEditViewController.swift; sourceTree = "<group>"; };
		B04459242B5F3531002CD33B /* VeterinarianEditView.swift */ = {isa = PBXFileReference; lastKnownFileType = sourcecode.swift; path = VeterinarianEditView.swift; sourceTree = "<group>"; };
		B04459262B5F360B002CD33B /* VeterinarianDetailView.swift */ = {isa = PBXFileReference; lastKnownFileType = sourcecode.swift; path = VeterinarianDetailView.swift; sourceTree = "<group>"; };
		B044592B2B5F514A002CD33B /* SettingsViewController.swift */ = {isa = PBXFileReference; fileEncoding = 4; lastKnownFileType = sourcecode.swift; path = SettingsViewController.swift; sourceTree = "<group>"; };
		B044592F2B5FDB79002CD33B /* AppointementViewController.swift */ = {isa = PBXFileReference; lastKnownFileType = sourcecode.swift; path = AppointementViewController.swift; sourceTree = "<group>"; };
		B04459312B5FDBAD002CD33B /* Appointement.swift */ = {isa = PBXFileReference; lastKnownFileType = sourcecode.swift; path = Appointement.swift; sourceTree = "<group>"; };
		B04459332B5FDC2A002CD33B /* AppointementView.swift */ = {isa = PBXFileReference; lastKnownFileType = sourcecode.swift; path = AppointementView.swift; sourceTree = "<group>"; };
		B04BDB3F2B486FC200592B31 /* PetCare.app */ = {isa = PBXFileReference; explicitFileType = wrapper.application; includeInIndex = 0; path = PetCare.app; sourceTree = BUILT_PRODUCTS_DIR; };
		B04BDB422B486FC200592B31 /* AppDelegate.swift */ = {isa = PBXFileReference; lastKnownFileType = sourcecode.swift; path = AppDelegate.swift; sourceTree = "<group>"; };
		B04BDB442B486FC200592B31 /* SceneDelegate.swift */ = {isa = PBXFileReference; lastKnownFileType = sourcecode.swift; path = SceneDelegate.swift; sourceTree = "<group>"; };
		B04BDB462B486FC200592B31 /* MainViewController.swift */ = {isa = PBXFileReference; lastKnownFileType = sourcecode.swift; path = MainViewController.swift; sourceTree = "<group>"; };
		B04BDB4C2B486FC200592B31 /* PetCare.xcdatamodel */ = {isa = PBXFileReference; lastKnownFileType = wrapper.xcdatamodel; path = PetCare.xcdatamodel; sourceTree = "<group>"; };
		B04BDB4E2B486FC300592B31 /* Assets.xcassets */ = {isa = PBXFileReference; lastKnownFileType = folder.assetcatalog; path = Assets.xcassets; sourceTree = "<group>"; };
		B04BDB512B486FC300592B31 /* Base */ = {isa = PBXFileReference; lastKnownFileType = file.storyboard; name = Base; path = Base.lproj/LaunchScreen.storyboard; sourceTree = "<group>"; };
		B04BDB532B486FC300592B31 /* Info.plist */ = {isa = PBXFileReference; lastKnownFileType = text.plist.xml; path = Info.plist; sourceTree = "<group>"; };
		B04BDB582B486FC300592B31 /* PetCareTests.xctest */ = {isa = PBXFileReference; explicitFileType = wrapper.cfbundle; includeInIndex = 0; path = PetCareTests.xctest; sourceTree = BUILT_PRODUCTS_DIR; };
		B04BDB5C2B486FC300592B31 /* PetCareTests.swift */ = {isa = PBXFileReference; lastKnownFileType = sourcecode.swift; path = PetCareTests.swift; sourceTree = "<group>"; };
		B04BDB622B486FC300592B31 /* PetCareUITests.xctest */ = {isa = PBXFileReference; explicitFileType = wrapper.cfbundle; includeInIndex = 0; path = PetCareUITests.xctest; sourceTree = BUILT_PRODUCTS_DIR; };
		B04BDB662B486FC300592B31 /* PetCareUITests.swift */ = {isa = PBXFileReference; lastKnownFileType = sourcecode.swift; path = PetCareUITests.swift; sourceTree = "<group>"; };
		B04BDB682B486FC300592B31 /* PetCareUITestsLaunchTests.swift */ = {isa = PBXFileReference; lastKnownFileType = sourcecode.swift; path = PetCareUITestsLaunchTests.swift; sourceTree = "<group>"; };
		B04BDB872B4B1BFF00592B31 /* 1.json */ = {isa = PBXFileReference; fileEncoding = 4; lastKnownFileType = text.json; path = 1.json; sourceTree = "<group>"; };
		B04BDB882B4B1BFF00592B31 /* 2.json */ = {isa = PBXFileReference; fileEncoding = 4; lastKnownFileType = text.json; path = 2.json; sourceTree = "<group>"; };
		B04BDB892B4B1BFF00592B31 /* 3.json */ = {isa = PBXFileReference; fileEncoding = 4; lastKnownFileType = text.json; path = 3.json; sourceTree = "<group>"; };
		B04BDB8D2B4B211100592B31 /* loadingCat.json */ = {isa = PBXFileReference; fileEncoding = 4; lastKnownFileType = text.json; path = loadingCat.json; sourceTree = "<group>"; };
		B04BDB8E2B4B211100592B31 /* 4.json */ = {isa = PBXFileReference; fileEncoding = 4; lastKnownFileType = text.json; path = 4.json; sourceTree = "<group>"; };
		B04BDB8F2B4B211100592B31 /* 5.json */ = {isa = PBXFileReference; fileEncoding = 4; lastKnownFileType = text.json; path = 5.json; sourceTree = "<group>"; };
		B04BDB932B4C11A600592B31 /* LoadingView.swift */ = {isa = PBXFileReference; lastKnownFileType = sourcecode.swift; path = LoadingView.swift; sourceTree = "<group>"; };
		B07A05622BADAA1700D25E0D /* AddAppointmentView.swift */ = {isa = PBXFileReference; lastKnownFileType = sourcecode.swift; path = AddAppointmentView.swift; sourceTree = "<group>"; };
		B08C7EA02B549F1B0090E205 /* AddAnimalView.swift */ = {isa = PBXFileReference; lastKnownFileType = sourcecode.swift; path = AddAnimalView.swift; sourceTree = "<group>"; };
		B097645D2B64E389006C927F /* AnimalCollectionViewCell.swift */ = {isa = PBXFileReference; lastKnownFileType = sourcecode.swift; path = AnimalCollectionViewCell.swift; sourceTree = "<group>"; };
		B09BBBEF2B55E6930046E0A9 /* VeterinarianForm.swift */ = {isa = PBXFileReference; lastKnownFileType = sourcecode.swift; path = VeterinarianForm.swift; sourceTree = "<group>"; };
		B09BBBF12B55E6FF0046E0A9 /* Veterinarian.swift */ = {isa = PBXFileReference; lastKnownFileType = sourcecode.swift; path = Veterinarian.swift; sourceTree = "<group>"; };
		B0A6525F2B650DA000ED57FC /* cat.json */ = {isa = PBXFileReference; fileEncoding = 4; lastKnownFileType = text.json; path = cat.json; sourceTree = "<group>"; };
		B0A652602B650DA000ED57FC /* dog.json */ = {isa = PBXFileReference; fileEncoding = 4; lastKnownFileType = text.json; path = dog.json; sourceTree = "<group>"; };
		B0A652632B6A3FA300ED57FC /* EditAnimalViewController.swift */ = {isa = PBXFileReference; lastKnownFileType = sourcecode.swift; path = EditAnimalViewController.swift; sourceTree = "<group>"; };
		B0A652652B6A453A00ED57FC /* EditAnimalView.swift */ = {isa = PBXFileReference; lastKnownFileType = sourcecode.swift; path = EditAnimalView.swift; sourceTree = "<group>"; };
		B0C928CB2BDA9B8E00679AA0 /* blabla.swift */ = {isa = PBXFileReference; lastKnownFileType = sourcecode.swift; path = blabla.swift; sourceTree = "<group>"; };
		B0C928CD2BDA9D1400679AA0 /* Mock.generated.swift */ = {isa = PBXFileReference; fileEncoding = 4; lastKnownFileType = sourcecode.swift; path = Mock.generated.swift; sourceTree = SOURCE_ROOT; };
		B0CD9A762BA76A7F004621B5 /* AddAppointementViewController.swift */ = {isa = PBXFileReference; lastKnownFileType = sourcecode.swift; path = AddAppointementViewController.swift; sourceTree = "<group>"; };
		B0CD9A782BA76BC7004621B5 /* AppointmentForm.swift */ = {isa = PBXFileReference; lastKnownFileType = sourcecode.swift; path = AppointmentForm.swift; sourceTree = "<group>"; };
		B0DADBB22B597ABB002A6BAD /* test.swift */ = {isa = PBXFileReference; lastKnownFileType = sourcecode.swift; path = test.swift; sourceTree = "<group>"; };
		B0EB68CD2B4C4D9A0078D29D /* TabBarController.swift */ = {isa = PBXFileReference; lastKnownFileType = sourcecode.swift; path = TabBarController.swift; sourceTree = "<group>"; };
		B0EB68CF2B4C4DFF0078D29D /* HomeViewController.swift */ = {isa = PBXFileReference; lastKnownFileType = sourcecode.swift; path = HomeViewController.swift; sourceTree = "<group>"; };
		B0EB68D12B4C4EA90078D29D /* AnimalsViewController.swift */ = {isa = PBXFileReference; lastKnownFileType = sourcecode.swift; path = AnimalsViewController.swift; sourceTree = "<group>"; };
		B0EB68D32B4C4F670078D29D /* VeterinariansViewController.swift */ = {isa = PBXFileReference; lastKnownFileType = sourcecode.swift; path = VeterinariansViewController.swift; sourceTree = "<group>"; };
		B0EB68D92B4C5DE70078D29D /* NoAnimalView.swift */ = {isa = PBXFileReference; lastKnownFileType = sourcecode.swift; path = NoAnimalView.swift; sourceTree = "<group>"; };
		B0EB68DB2B4C7DE80078D29D /* Animal.swift */ = {isa = PBXFileReference; lastKnownFileType = sourcecode.swift; path = Animal.swift; sourceTree = "<group>"; };
		B0EB68DF2B4C83390078D29D /* AddAnimalViewController.swift */ = {isa = PBXFileReference; lastKnownFileType = sourcecode.swift; path = AddAnimalViewController.swift; sourceTree = "<group>"; };
		B0F3A4F92B5E8E060084A6E6 /* AddVetViewController.swift */ = {isa = PBXFileReference; lastKnownFileType = sourcecode.swift; path = AddVetViewController.swift; sourceTree = "<group>"; };
		B0F3A4FB2B5E94870084A6E6 /* AddVeterinarianView.swift */ = {isa = PBXFileReference; lastKnownFileType = sourcecode.swift; path = AddVeterinarianView.swift; sourceTree = "<group>"; };
		B0F3A5032B5EB2420084A6E6 /* VeterinarianTableViewCell.swift */ = {isa = PBXFileReference; lastKnownFileType = sourcecode.swift; path = VeterinarianTableViewCell.swift; sourceTree = "<group>"; };
		B0FB0FFC2B8786E100466FB1 /* AnimalHomeCollectionViewCell.swift */ = {isa = PBXFileReference; lastKnownFileType = sourcecode.swift; path = AnimalHomeCollectionViewCell.swift; sourceTree = "<group>"; };
		B0FB0FFE2B878C9300466FB1 /* HeaderCollectionReusableView.swift */ = {isa = PBXFileReference; lastKnownFileType = sourcecode.swift; path = HeaderCollectionReusableView.swift; sourceTree = "<group>"; };
		B0FB10012B87978F00466FB1 /* HomeView2Controller.swift */ = {isa = PBXFileReference; lastKnownFileType = sourcecode.swift; path = HomeView2Controller.swift; sourceTree = "<group>"; };
		B0FB10032B87998F00466FB1 /* AppointementCollectionViewCell.swift */ = {isa = PBXFileReference; lastKnownFileType = sourcecode.swift; path = AppointementCollectionViewCell.swift; sourceTree = "<group>"; };
		B0FB10052B87B4D800466FB1 /* OtherCollectionViewCell.swift */ = {isa = PBXFileReference; lastKnownFileType = sourcecode.swift; path = OtherCollectionViewCell.swift; sourceTree = "<group>"; };
		B4B93210732F5A367B703D89 /* Pods-PetCare-PetCareUITests.debug.xcconfig */ = {isa = PBXFileReference; includeInIndex = 1; lastKnownFileType = text.xcconfig; name = "Pods-PetCare-PetCareUITests.debug.xcconfig"; path = "Target Support Files/Pods-PetCare-PetCareUITests/Pods-PetCare-PetCareUITests.debug.xcconfig"; sourceTree = "<group>"; };
		D563D8595AAC766E5B862F3E /* Pods-PetCare.release.xcconfig */ = {isa = PBXFileReference; includeInIndex = 1; lastKnownFileType = text.xcconfig; name = "Pods-PetCare.release.xcconfig"; path = "Target Support Files/Pods-PetCare/Pods-PetCare.release.xcconfig"; sourceTree = "<group>"; };
		DCA838CDE1F0CD3BA46D0F00 /* Pods_PetCare_PetCareUITests.framework */ = {isa = PBXFileReference; explicitFileType = wrapper.framework; includeInIndex = 0; path = Pods_PetCare_PetCareUITests.framework; sourceTree = BUILT_PRODUCTS_DIR; };
		DFE555EF0614059EA2D37D0E /* Pods-PetCareTests.release.xcconfig */ = {isa = PBXFileReference; includeInIndex = 1; lastKnownFileType = text.xcconfig; name = "Pods-PetCareTests.release.xcconfig"; path = "Target Support Files/Pods-PetCareTests/Pods-PetCareTests.release.xcconfig"; sourceTree = "<group>"; };
		E5C0DE66ECA6BFAE56B184D9 /* Pods-PetCare-PetCareUITests.release.xcconfig */ = {isa = PBXFileReference; includeInIndex = 1; lastKnownFileType = text.xcconfig; name = "Pods-PetCare-PetCareUITests.release.xcconfig"; path = "Target Support Files/Pods-PetCare-PetCareUITests/Pods-PetCare-PetCareUITests.release.xcconfig"; sourceTree = "<group>"; };
/* End PBXFileReference section */

/* Begin PBXFrameworksBuildPhase section */
		B04BDB3C2B486FC200592B31 /* Frameworks */ = {
			isa = PBXFrameworksBuildPhase;
			buildActionMask = 2147483647;
			files = (
				B005C3E02BA1B72200D1C3BE /* FirebaseCrashlytics in Frameworks */,
				B005C3DE2BA1B72200D1C3BE /* FirebaseAnalytics in Frameworks */,
				4AE2AB32616B763E05841470 /* Pods_PetCare.framework in Frameworks */,
			);
			runOnlyForDeploymentPostprocessing = 0;
		};
		B04BDB552B486FC300592B31 /* Frameworks */ = {
			isa = PBXFrameworksBuildPhase;
			buildActionMask = 2147483647;
			files = (
				B7C10BC6EE8159CD3C47A820 /* Pods_PetCareTests.framework in Frameworks */,
			);
			runOnlyForDeploymentPostprocessing = 0;
		};
		B04BDB5F2B486FC300592B31 /* Frameworks */ = {
			isa = PBXFrameworksBuildPhase;
			buildActionMask = 2147483647;
			files = (
				2D8A745CB6AA866D7C379AFD /* Pods_PetCare_PetCareUITests.framework in Frameworks */,
			);
			runOnlyForDeploymentPostprocessing = 0;
		};
/* End PBXFrameworksBuildPhase section */

/* Begin PBXGroup section */
		0EC71EECCAC9F8BA265316AF /* Pods */ = {
			isa = PBXGroup;
			children = (
				601CD90CBB86942FE805F358 /* Pods-PetCare.debug.xcconfig */,
				D563D8595AAC766E5B862F3E /* Pods-PetCare.release.xcconfig */,
				B4B93210732F5A367B703D89 /* Pods-PetCare-PetCareUITests.debug.xcconfig */,
				E5C0DE66ECA6BFAE56B184D9 /* Pods-PetCare-PetCareUITests.release.xcconfig */,
				65D73E0EB6A0019121299614 /* Pods-PetCareTests.debug.xcconfig */,
				DFE555EF0614059EA2D37D0E /* Pods-PetCareTests.release.xcconfig */,
			);
			path = Pods;
			sourceTree = "<group>";
		};
		B006407B2B4DBE90002A4139 /* CoreData */ = {
			isa = PBXGroup;
			children = (
				B04BDB4B2B486FC200592B31 /* PetCare.xcdatamodeld */,
				B006407C2B4DBEA2002A4139 /* CoreDataManager.swift */,
			);
			path = CoreData;
			sourceTree = "<group>";
		};
		B00640862B4F8A10002A4139 /* Forms */ = {
			isa = PBXGroup;
			children = (
				B0CD9A782BA76BC7004621B5 /* AppointmentForm.swift */,
				B00640872B4F8A3A002A4139 /* AnimalForm.swift */,
				B00640892B4F8CE2002A4139 /* FormView.swift */,
				B0DADBB22B597ABB002A6BAD /* test.swift */,
				B09BBBEF2B55E6930046E0A9 /* VeterinarianForm.swift */,
			);
			path = Forms;
			sourceTree = "<group>";
		};
		B04459282B5F4F28002CD33B /* Settings */ = {
			isa = PBXGroup;
			children = (
				B044592B2B5F514A002CD33B /* SettingsViewController.swift */,
			);
			path = Settings;
			sourceTree = "<group>";
		};
		B044592D2B5FDB4B002CD33B /* Appointement */ = {
			isa = PBXGroup;
			children = (
				B04459332B5FDC2A002CD33B /* AppointementView.swift */,
				B005C3E72BA1E02E00D1C3BE /* NoAppointementView.swift */,
			);
			path = Appointement;
			sourceTree = "<group>";
		};
		B044592E2B5FDB5A002CD33B /* Appointement */ = {
			isa = PBXGroup;
			children = (
				B044592F2B5FDB79002CD33B /* AppointementViewController.swift */,
				B0CD9A762BA76A7F004621B5 /* AddAppointementViewController.swift */,
				B07A05622BADAA1700D25E0D /* AddAppointmentView.swift */,
			);
			path = Appointement;
			sourceTree = "<group>";
		};
		B04BDB362B486FC200592B31 = {
			isa = PBXGroup;
			children = (
				B04BDB412B486FC200592B31 /* PetCare */,
				B04BDB5B2B486FC300592B31 /* PetCareTests */,
				B04BDB652B486FC300592B31 /* PetCareUITests */,
				B04BDB402B486FC200592B31 /* Products */,
				0EC71EECCAC9F8BA265316AF /* Pods */,
				C6C28479E606FB3075EA86B6 /* Frameworks */,
			);
			sourceTree = "<group>";
		};
		B04BDB402B486FC200592B31 /* Products */ = {
			isa = PBXGroup;
			children = (
				B04BDB3F2B486FC200592B31 /* PetCare.app */,
				B04BDB582B486FC300592B31 /* PetCareTests.xctest */,
				B04BDB622B486FC300592B31 /* PetCareUITests.xctest */,
			);
			name = Products;
			sourceTree = "<group>";
		};
		B04BDB412B486FC200592B31 /* PetCare */ = {
			isa = PBXGroup;
			children = (
				B005C3E52BA1C28F00D1C3BE /* GoogleService-Info.plist */,
				B04BDB532B486FC300592B31 /* Info.plist */,
				B04BDB952B4C1AA300592B31 /* Assets */,
				B04BDB7A2B4B0A7200592B31 /* Controllers */,
				B04BDB792B4B0A6C00592B31 /* Views */,
				B04BDB782B4B0A6000592B31 /* Models */,
				B04BDB772B4B0A4F00592B31 /* Supporting Files */,
				B04BDB762B4B0A4600592B31 /* Extensions */,
				B04BDB752B4B0A3400592B31 /* Helpers */,
			);
			path = PetCare;
			sourceTree = "<group>";
		};
		B04BDB5B2B486FC300592B31 /* PetCareTests */ = {
			isa = PBXGroup;
			children = (
				B0C928CD2BDA9D1400679AA0 /* Mock.generated.swift */,
				B04BDB5C2B486FC300592B31 /* PetCareTests.swift */,
			);
			path = PetCareTests;
			sourceTree = "<group>";
		};
		B04BDB652B486FC300592B31 /* PetCareUITests */ = {
			isa = PBXGroup;
			children = (
				B04BDB662B486FC300592B31 /* PetCareUITests.swift */,
				B04BDB682B486FC300592B31 /* PetCareUITestsLaunchTests.swift */,
			);
			path = PetCareUITests;
			sourceTree = "<group>";
		};
		B04BDB752B4B0A3400592B31 /* Helpers */ = {
			isa = PBXGroup;
			children = (
			);
			path = Helpers;
			sourceTree = "<group>";
		};
		B04BDB762B4B0A4600592B31 /* Extensions */ = {
			isa = PBXGroup;
			children = (
			);
			path = Extensions;
			sourceTree = "<group>";
		};
		B04BDB772B4B0A4F00592B31 /* Supporting Files */ = {
			isa = PBXGroup;
			children = (
				B005C3E92BA23A4B00D1C3BE /* Localizable.xcstrings */,
				B04BDB422B486FC200592B31 /* AppDelegate.swift */,
				B04BDB442B486FC200592B31 /* SceneDelegate.swift */,
			);
			path = "Supporting Files";
			sourceTree = "<group>";
		};
		B04BDB782B4B0A6000592B31 /* Models */ = {
			isa = PBXGroup;
			children = (
				B006407B2B4DBE90002A4139 /* CoreData */,
				B0EB68DB2B4C7DE80078D29D /* Animal.swift */,
				B09BBBF12B55E6FF0046E0A9 /* Veterinarian.swift */,
				B04459312B5FDBAD002CD33B /* Appointement.swift */,
			);
			path = Models;
			sourceTree = "<group>";
		};
		B04BDB792B4B0A6C00592B31 /* Views */ = {
			isa = PBXGroup;
			children = (
				B0F3A5002B5E98A60084A6E6 /* Animal */,
				B044592D2B5FDB4B002CD33B /* Appointement */,
				B0FB0FFB2B8786B500466FB1 /* CollectionViewCells */,
				B00640862B4F8A10002A4139 /* Forms */,
				B0F3A5012B5E98C40084A6E6 /* Other */,
				B0FB10002B8796D900466FB1 /* TableViewCells */,
				B0F3A5022B5E98F40084A6E6 /* Veterinarian */,
			);
			path = Views;
			sourceTree = "<group>";
		};
		B04BDB7A2B4B0A7200592B31 /* Controllers */ = {
			isa = PBXGroup;
			children = (
				B044592E2B5FDB5A002CD33B /* Appointement */,
				B04459282B5F4F28002CD33B /* Settings */,
				B0F3A4FF2B5E98950084A6E6 /* Main */,
				B0F3A4FE2B5E98760084A6E6 /* Veterinarian */,
				B0F3A4FD2B5E98660084A6E6 /* Animal */,
				B0C928CB2BDA9B8E00679AA0 /* blabla.swift */,
			);
			path = Controllers;
			sourceTree = "<group>";
		};
		B04BDB952B4C1AA300592B31 /* Assets */ = {
			isa = PBXGroup;
			children = (
				B04BDB4E2B486FC300592B31 /* Assets.xcassets */,
				B04BDB962B4C1AAB00592B31 /* Animations */,
			);
			path = Assets;
			sourceTree = "<group>";
		};
		B04BDB962B4C1AAB00592B31 /* Animations */ = {
			isa = PBXGroup;
			children = (
				B0A6525F2B650DA000ED57FC /* cat.json */,
				B0A652602B650DA000ED57FC /* dog.json */,
				B04BDB8E2B4B211100592B31 /* 4.json */,
				B04BDB8F2B4B211100592B31 /* 5.json */,
				B04BDB8D2B4B211100592B31 /* loadingCat.json */,
				B04BDB872B4B1BFF00592B31 /* 1.json */,
				B04BDB882B4B1BFF00592B31 /* 2.json */,
				B04BDB892B4B1BFF00592B31 /* 3.json */,
			);
			path = Animations;
			sourceTree = "<group>";
		};
		B0F3A4FD2B5E98660084A6E6 /* Animal */ = {
			isa = PBXGroup;
			children = (
				B0EB68DF2B4C83390078D29D /* AddAnimalViewController.swift */,
				B00640822B4F77D1002A4139 /* AnimalDetailViewController.swift */,
				B0EB68D12B4C4EA90078D29D /* AnimalsViewController.swift */,
				B0A652632B6A3FA300ED57FC /* EditAnimalViewController.swift */,
			);
			path = Animal;
			sourceTree = "<group>";
		};
		B0F3A4FE2B5E98760084A6E6 /* Veterinarian */ = {
			isa = PBXGroup;
			children = (
				B0F3A4F92B5E8E060084A6E6 /* AddVetViewController.swift */,
				B044591F2B5F3021002CD33B /* VeterinarianDetailViewController.swift */,
				B04459222B5F3452002CD33B /* VeterinarianEditViewController.swift */,
				B0EB68D32B4C4F670078D29D /* VeterinariansViewController.swift */,
			);
			path = Veterinarian;
			sourceTree = "<group>";
		};
		B0F3A4FF2B5E98950084A6E6 /* Main */ = {
			isa = PBXGroup;
			children = (
				B0FB10012B87978F00466FB1 /* HomeView2Controller.swift */,
				B0EB68CF2B4C4DFF0078D29D /* HomeViewController.swift */,
				B04BDB462B486FC200592B31 /* MainViewController.swift */,
				B0EB68CD2B4C4D9A0078D29D /* TabBarController.swift */,
			);
			path = Main;
			sourceTree = "<group>";
		};
		B0F3A5002B5E98A60084A6E6 /* Animal */ = {
			isa = PBXGroup;
			children = (
				B08C7EA02B549F1B0090E205 /* AddAnimalView.swift */,
				B00640842B4F815E002A4139 /* AnimalDetailView.swift */,
				B0A652652B6A453A00ED57FC /* EditAnimalView.swift */,
				B0EB68D92B4C5DE70078D29D /* NoAnimalView.swift */,
			);
			path = Animal;
			sourceTree = "<group>";
		};
		B0F3A5012B5E98C40084A6E6 /* Other */ = {
			isa = PBXGroup;
			children = (
				B04BDB502B486FC300592B31 /* LaunchScreen.storyboard */,
				B04BDB932B4C11A600592B31 /* LoadingView.swift */,
			);
			path = Other;
			sourceTree = "<group>";
		};
		B0F3A5022B5E98F40084A6E6 /* Veterinarian */ = {
			isa = PBXGroup;
			children = (
				B0F3A4FB2B5E94870084A6E6 /* AddVeterinarianView.swift */,
				B04459262B5F360B002CD33B /* VeterinarianDetailView.swift */,
				B04459242B5F3531002CD33B /* VeterinarianEditView.swift */,
			);
			path = Veterinarian;
			sourceTree = "<group>";
		};
		B0FB0FFB2B8786B500466FB1 /* CollectionViewCells */ = {
			isa = PBXGroup;
			children = (
				B097645D2B64E389006C927F /* AnimalCollectionViewCell.swift */,
				B019FBA92B6FD238007535C2 /* AnimalDetailCollectionViewCell.swift */,
				B0FB0FFC2B8786E100466FB1 /* AnimalHomeCollectionViewCell.swift */,
				B0FB10032B87998F00466FB1 /* AppointementCollectionViewCell.swift */,
				B032A7FA2B6293C30023B8B5 /* AppointmentCollectionViewCell.swift */,
				B0FB0FFE2B878C9300466FB1 /* HeaderCollectionReusableView.swift */,
				B0FB10052B87B4D800466FB1 /* OtherCollectionViewCell.swift */,
			);
			path = CollectionViewCells;
			sourceTree = "<group>";
		};
		B0FB10002B8796D900466FB1 /* TableViewCells */ = {
			isa = PBXGroup;
			children = (
				B00640802B4F73E4002A4139 /* AnimalTableViewCell.swift */,
				B0F3A5032B5EB2420084A6E6 /* VeterinarianTableViewCell.swift */,
			);
			path = TableViewCells;
			sourceTree = "<group>";
		};
		C6C28479E606FB3075EA86B6 /* Frameworks */ = {
			isa = PBXGroup;
			children = (
				59BE7A081A430100E7AF8851 /* Pods_PetCare.framework */,
				DCA838CDE1F0CD3BA46D0F00 /* Pods_PetCare_PetCareUITests.framework */,
				1D80AA55724F2A207DD12FCD /* Pods_PetCareTests.framework */,
			);
			name = Frameworks;
			sourceTree = "<group>";
		};
/* End PBXGroup section */

/* Begin PBXNativeTarget section */
		B04BDB3E2B486FC200592B31 /* PetCare */ = {
			isa = PBXNativeTarget;
			buildConfigurationList = B04BDB6C2B486FC300592B31 /* Build configuration list for PBXNativeTarget "PetCare" */;
			buildPhases = (
				56E7E7925185133FF00443E9 /* [CP] Check Pods Manifest.lock */,
				B04BDB3B2B486FC200592B31 /* Sources */,
				B04BDB3C2B486FC200592B31 /* Frameworks */,
				B04BDB3D2B486FC200592B31 /* Resources */,
				52FD53EE422710EF62F4EBEB /* [CP] Embed Pods Frameworks */,
				B005C3E42BA1BFB900D1C3BE /* ShellScript */,
			);
			buildRules = (
			);
			dependencies = (
			);
			name = PetCare;
			packageProductDependencies = (
				B005C3DD2BA1B72200D1C3BE /* FirebaseAnalytics */,
				B005C3DF2BA1B72200D1C3BE /* FirebaseCrashlytics */,
			);
			productName = PetCare;
			productReference = B04BDB3F2B486FC200592B31 /* PetCare.app */;
			productType = "com.apple.product-type.application";
		};
		B04BDB572B486FC300592B31 /* PetCareTests */ = {
			isa = PBXNativeTarget;
			buildConfigurationList = B04BDB6F2B486FC300592B31 /* Build configuration list for PBXNativeTarget "PetCareTests" */;
			buildPhases = (
				7D6B758BBAA0A19232689FB2 /* [CP] Check Pods Manifest.lock */,
				B04BDB542B486FC300592B31 /* Sources */,
				B04BDB552B486FC300592B31 /* Frameworks */,
				B04BDB562B486FC300592B31 /* Resources */,
				0F7E937E42181AA25C38E5E4 /* [CP] Embed Pods Frameworks */,
			);
			buildRules = (
			);
			dependencies = (
				B04BDB5A2B486FC300592B31 /* PBXTargetDependency */,
			);
			name = PetCareTests;
			productName = PetCareTests;
			productReference = B04BDB582B486FC300592B31 /* PetCareTests.xctest */;
			productType = "com.apple.product-type.bundle.unit-test";
		};
		B04BDB612B486FC300592B31 /* PetCareUITests */ = {
			isa = PBXNativeTarget;
			buildConfigurationList = B04BDB722B486FC300592B31 /* Build configuration list for PBXNativeTarget "PetCareUITests" */;
			buildPhases = (
				C8228CC3DB0BEEE4807F0B98 /* [CP] Check Pods Manifest.lock */,
				B04BDB5E2B486FC300592B31 /* Sources */,
				B04BDB5F2B486FC300592B31 /* Frameworks */,
				B04BDB602B486FC300592B31 /* Resources */,
				5BC6AF512ECC3724CB2DE43C /* [CP] Embed Pods Frameworks */,
			);
			buildRules = (
			);
			dependencies = (
				B04BDB642B486FC300592B31 /* PBXTargetDependency */,
			);
			name = PetCareUITests;
			productName = PetCareUITests;
			productReference = B04BDB622B486FC300592B31 /* PetCareUITests.xctest */;
			productType = "com.apple.product-type.bundle.ui-testing";
		};
/* End PBXNativeTarget section */

/* Begin PBXProject section */
		B04BDB372B486FC200592B31 /* Project object */ = {
			isa = PBXProject;
			attributes = {
				BuildIndependentTargetsInParallel = 1;
				LastSwiftUpdateCheck = 1510;
				LastUpgradeCheck = 1510;
				TargetAttributes = {
					B04BDB3E2B486FC200592B31 = {
						CreatedOnToolsVersion = 15.1;
					};
					B04BDB572B486FC300592B31 = {
						CreatedOnToolsVersion = 15.1;
						TestTargetID = B04BDB3E2B486FC200592B31;
					};
					B04BDB612B486FC300592B31 = {
						CreatedOnToolsVersion = 15.1;
						TestTargetID = B04BDB3E2B486FC200592B31;
					};
				};
			};
			buildConfigurationList = B04BDB3A2B486FC200592B31 /* Build configuration list for PBXProject "PetCare" */;
			compatibilityVersion = "Xcode 14.0";
			developmentRegion = en;
			hasScannedForEncodings = 0;
			knownRegions = (
				en,
				Base,
				fr,
			);
			mainGroup = B04BDB362B486FC200592B31;
			packageReferences = (
				B005C3DC2BA1B5C700D1C3BE /* XCRemoteSwiftPackageReference "firebase-ios-sdk" */,
			);
			productRefGroup = B04BDB402B486FC200592B31 /* Products */;
			projectDirPath = "";
			projectRoot = "";
			targets = (
				B04BDB3E2B486FC200592B31 /* PetCare */,
				B04BDB572B486FC300592B31 /* PetCareTests */,
				B04BDB612B486FC300592B31 /* PetCareUITests */,
			);
		};
/* End PBXProject section */

/* Begin PBXResourcesBuildPhase section */
		B04BDB3D2B486FC200592B31 /* Resources */ = {
			isa = PBXResourcesBuildPhase;
			buildActionMask = 2147483647;
			files = (
				B005C3E62BA1C28F00D1C3BE /* GoogleService-Info.plist in Resources */,
				B04BDB922B4B211100592B31 /* 5.json in Resources */,
				B04BDB522B486FC300592B31 /* LaunchScreen.storyboard in Resources */,
				B0A652612B650DA000ED57FC /* cat.json in Resources */,
				B04BDB4F2B486FC300592B31 /* Assets.xcassets in Resources */,
				B04BDB8B2B4B1BFF00592B31 /* 2.json in Resources */,
				B04BDB8C2B4B1BFF00592B31 /* 3.json in Resources */,
				B04BDB8A2B4B1BFF00592B31 /* 1.json in Resources */,
				B04BDB912B4B211100592B31 /* 4.json in Resources */,
				B0A652622B650DA000ED57FC /* dog.json in Resources */,
				B005C3EA2BA23A4B00D1C3BE /* Localizable.xcstrings in Resources */,
				B04BDB902B4B211100592B31 /* loadingCat.json in Resources */,
			);
			runOnlyForDeploymentPostprocessing = 0;
		};
		B04BDB562B486FC300592B31 /* Resources */ = {
			isa = PBXResourcesBuildPhase;
			buildActionMask = 2147483647;
			files = (
			);
			runOnlyForDeploymentPostprocessing = 0;
		};
		B04BDB602B486FC300592B31 /* Resources */ = {
			isa = PBXResourcesBuildPhase;
			buildActionMask = 2147483647;
			files = (
			);
			runOnlyForDeploymentPostprocessing = 0;
		};
/* End PBXResourcesBuildPhase section */

/* Begin PBXShellScriptBuildPhase section */
		0F7E937E42181AA25C38E5E4 /* [CP] Embed Pods Frameworks */ = {
			isa = PBXShellScriptBuildPhase;
			buildActionMask = 2147483647;
			files = (
			);
			inputFileListPaths = (
				"${PODS_ROOT}/Target Support Files/Pods-PetCareTests/Pods-PetCareTests-frameworks-${CONFIGURATION}-input-files.xcfilelist",
			);
			name = "[CP] Embed Pods Frameworks";
			outputFileListPaths = (
				"${PODS_ROOT}/Target Support Files/Pods-PetCareTests/Pods-PetCareTests-frameworks-${CONFIGURATION}-output-files.xcfilelist",
			);
			runOnlyForDeploymentPostprocessing = 0;
			shellPath = /bin/sh;
			shellScript = "\"${PODS_ROOT}/Target Support Files/Pods-PetCareTests/Pods-PetCareTests-frameworks.sh\"\n";
			showEnvVarsInLog = 0;
		};
		52FD53EE422710EF62F4EBEB /* [CP] Embed Pods Frameworks */ = {
			isa = PBXShellScriptBuildPhase;
			buildActionMask = 2147483647;
			files = (
			);
			inputFileListPaths = (
				"${PODS_ROOT}/Target Support Files/Pods-PetCare/Pods-PetCare-frameworks-${CONFIGURATION}-input-files.xcfilelist",
			);
			name = "[CP] Embed Pods Frameworks";
			outputFileListPaths = (
				"${PODS_ROOT}/Target Support Files/Pods-PetCare/Pods-PetCare-frameworks-${CONFIGURATION}-output-files.xcfilelist",
			);
			runOnlyForDeploymentPostprocessing = 0;
			shellPath = /bin/sh;
			shellScript = "\"${PODS_ROOT}/Target Support Files/Pods-PetCare/Pods-PetCare-frameworks.sh\"\n";
			showEnvVarsInLog = 0;
		};
		56E7E7925185133FF00443E9 /* [CP] Check Pods Manifest.lock */ = {
			isa = PBXShellScriptBuildPhase;
			buildActionMask = 2147483647;
			files = (
			);
			inputFileListPaths = (
			);
			inputPaths = (
				"${PODS_PODFILE_DIR_PATH}/Podfile.lock",
				"${PODS_ROOT}/Manifest.lock",
			);
			name = "[CP] Check Pods Manifest.lock";
			outputFileListPaths = (
			);
			outputPaths = (
				"$(DERIVED_FILE_DIR)/Pods-PetCare-checkManifestLockResult.txt",
			);
			runOnlyForDeploymentPostprocessing = 0;
			shellPath = /bin/sh;
			shellScript = "diff \"${PODS_PODFILE_DIR_PATH}/Podfile.lock\" \"${PODS_ROOT}/Manifest.lock\" > /dev/null\nif [ $? != 0 ] ; then\n    # print error to STDERR\n    echo \"error: The sandbox is not in sync with the Podfile.lock. Run 'pod install' or update your CocoaPods installation.\" >&2\n    exit 1\nfi\n# This output is used by Xcode 'outputs' to avoid re-running this script phase.\necho \"SUCCESS\" > \"${SCRIPT_OUTPUT_FILE_0}\"\n";
			showEnvVarsInLog = 0;
		};
		5BC6AF512ECC3724CB2DE43C /* [CP] Embed Pods Frameworks */ = {
			isa = PBXShellScriptBuildPhase;
			buildActionMask = 2147483647;
			files = (
			);
			inputFileListPaths = (
				"${PODS_ROOT}/Target Support Files/Pods-PetCare-PetCareUITests/Pods-PetCare-PetCareUITests-frameworks-${CONFIGURATION}-input-files.xcfilelist",
			);
			name = "[CP] Embed Pods Frameworks";
			outputFileListPaths = (
				"${PODS_ROOT}/Target Support Files/Pods-PetCare-PetCareUITests/Pods-PetCare-PetCareUITests-frameworks-${CONFIGURATION}-output-files.xcfilelist",
			);
			runOnlyForDeploymentPostprocessing = 0;
			shellPath = /bin/sh;
			shellScript = "\"${PODS_ROOT}/Target Support Files/Pods-PetCare-PetCareUITests/Pods-PetCare-PetCareUITests-frameworks.sh\"\n";
			showEnvVarsInLog = 0;
		};
		7D6B758BBAA0A19232689FB2 /* [CP] Check Pods Manifest.lock */ = {
			isa = PBXShellScriptBuildPhase;
			buildActionMask = 2147483647;
			files = (
			);
			inputFileListPaths = (
			);
			inputPaths = (
				"${PODS_PODFILE_DIR_PATH}/Podfile.lock",
				"${PODS_ROOT}/Manifest.lock",
			);
			name = "[CP] Check Pods Manifest.lock";
			outputFileListPaths = (
			);
			outputPaths = (
				"$(DERIVED_FILE_DIR)/Pods-PetCareTests-checkManifestLockResult.txt",
			);
			runOnlyForDeploymentPostprocessing = 0;
			shellPath = /bin/sh;
			shellScript = "diff \"${PODS_PODFILE_DIR_PATH}/Podfile.lock\" \"${PODS_ROOT}/Manifest.lock\" > /dev/null\nif [ $? != 0 ] ; then\n    # print error to STDERR\n    echo \"error: The sandbox is not in sync with the Podfile.lock. Run 'pod install' or update your CocoaPods installation.\" >&2\n    exit 1\nfi\n# This output is used by Xcode 'outputs' to avoid re-running this script phase.\necho \"SUCCESS\" > \"${SCRIPT_OUTPUT_FILE_0}\"\n";
			showEnvVarsInLog = 0;
		};
		B005C3E42BA1BFB900D1C3BE /* ShellScript */ = {
			isa = PBXShellScriptBuildPhase;
			buildActionMask = 2147483647;
			files = (
			);
			inputFileListPaths = (
			);
			inputPaths = (
				"${DWARF_DSYM_FOLDER_PATH}/${DWARF_DSYM_FILE_NAME}",
				"${DWARF_DSYM_FOLDER_PATH}/${DWARF_DSYM_FILE_NAME}/Contents/Resources/DWARF/${PRODUCT_NAME}",
				"${DWARF_DSYM_FOLDER_PATH}/${DWARF_DSYM_FILE_NAME}/Contents/Info.plist",
				"$(TARGET_BUILD_DIR)/$(UNLOCALIZED_RESOURCES_FOLDER_PATH)/GoogleService-Info.plist",
				"$(TARGET_BUILD_DIR)/$(EXECUTABLE_PATH)",
			);
			outputFileListPaths = (
			);
			outputPaths = (
			);
			runOnlyForDeploymentPostprocessing = 0;
			shellPath = /bin/sh;
			shellScript = "\"${BUILD_DIR%/Build/*}/SourcePackages/checkouts/firebase-ios-sdk/Crashlytics/run\"\n";
		};
		C8228CC3DB0BEEE4807F0B98 /* [CP] Check Pods Manifest.lock */ = {
			isa = PBXShellScriptBuildPhase;
			buildActionMask = 2147483647;
			files = (
			);
			inputFileListPaths = (
			);
			inputPaths = (
				"${PODS_PODFILE_DIR_PATH}/Podfile.lock",
				"${PODS_ROOT}/Manifest.lock",
			);
			name = "[CP] Check Pods Manifest.lock";
			outputFileListPaths = (
			);
			outputPaths = (
				"$(DERIVED_FILE_DIR)/Pods-PetCare-PetCareUITests-checkManifestLockResult.txt",
			);
			runOnlyForDeploymentPostprocessing = 0;
			shellPath = /bin/sh;
			shellScript = "diff \"${PODS_PODFILE_DIR_PATH}/Podfile.lock\" \"${PODS_ROOT}/Manifest.lock\" > /dev/null\nif [ $? != 0 ] ; then\n    # print error to STDERR\n    echo \"error: The sandbox is not in sync with the Podfile.lock. Run 'pod install' or update your CocoaPods installation.\" >&2\n    exit 1\nfi\n# This output is used by Xcode 'outputs' to avoid re-running this script phase.\necho \"SUCCESS\" > \"${SCRIPT_OUTPUT_FILE_0}\"\n";
			showEnvVarsInLog = 0;
		};
/* End PBXShellScriptBuildPhase section */

/* Begin PBXSourcesBuildPhase section */
		B04BDB3B2B486FC200592B31 /* Sources */ = {
			isa = PBXSourcesBuildPhase;
			buildActionMask = 2147483647;
			files = (
				B04459342B5FDC2A002CD33B /* AppointementView.swift in Sources */,
				B04BDB4D2B486FC200592B31 /* PetCare.xcdatamodeld in Sources */,
				B0F3A4FA2B5E8E060084A6E6 /* AddVetViewController.swift in Sources */,
				B0CD9A792BA76BC7004621B5 /* AppointmentForm.swift in Sources */,
				B09BBBF02B55E6930046E0A9 /* VeterinarianForm.swift in Sources */,
				B0EB68DA2B4C5DE70078D29D /* NoAnimalView.swift in Sources */,
				B006407D2B4DBEA2002A4139 /* CoreDataManager.swift in Sources */,
				B00640882B4F8A3A002A4139 /* AnimalForm.swift in Sources */,
				B0C928CC2BDA9B8E00679AA0 /* blabla.swift in Sources */,
				B044592C2B5F514A002CD33B /* SettingsViewController.swift in Sources */,
				B0FB0FFF2B878C9300466FB1 /* HeaderCollectionReusableView.swift in Sources */,
				B0EB68D42B4C4F670078D29D /* VeterinariansViewController.swift in Sources */,
				B032A7FB2B6293C30023B8B5 /* AppointmentCollectionViewCell.swift in Sources */,
				B0EB68D22B4C4EA90078D29D /* AnimalsViewController.swift in Sources */,
				B0FB10022B87978F00466FB1 /* HomeView2Controller.swift in Sources */,
				B00640852B4F815E002A4139 /* AnimalDetailView.swift in Sources */,
				B0FB10042B87998F00466FB1 /* AppointementCollectionViewCell.swift in Sources */,
				B04459232B5F3452002CD33B /* VeterinarianEditViewController.swift in Sources */,
				B0EB68DC2B4C7DE80078D29D /* Animal.swift in Sources */,
				B006408A2B4F8CE2002A4139 /* FormView.swift in Sources */,
				B0A652662B6A453A00ED57FC /* EditAnimalView.swift in Sources */,
				B0F3A4FC2B5E94870084A6E6 /* AddVeterinarianView.swift in Sources */,
				B07A05632BADAA1700D25E0D /* AddAppointmentView.swift in Sources */,
				B0CD9A772BA76A7F004621B5 /* AddAppointementViewController.swift in Sources */,
				B0EB68E02B4C83390078D29D /* AddAnimalViewController.swift in Sources */,
				B00640832B4F77D1002A4139 /* AnimalDetailViewController.swift in Sources */,
				B04459272B5F360B002CD33B /* VeterinarianDetailView.swift in Sources */,
				B09BBBF22B55E6FF0046E0A9 /* Veterinarian.swift in Sources */,
				B04BDB472B486FC200592B31 /* MainViewController.swift in Sources */,
				B0F3A5042B5EB2420084A6E6 /* VeterinarianTableViewCell.swift in Sources */,
				B0EB68D02B4C4DFF0078D29D /* HomeViewController.swift in Sources */,
				B04459202B5F3021002CD33B /* VeterinarianDetailViewController.swift in Sources */,
				B04BDB432B486FC200592B31 /* AppDelegate.swift in Sources */,
				B04459322B5FDBAD002CD33B /* Appointement.swift in Sources */,
				B0EB68CE2B4C4D9A0078D29D /* TabBarController.swift in Sources */,
				B005C3E82BA1E02E00D1C3BE /* NoAppointementView.swift in Sources */,
				B0DADBB32B597ABB002A6BAD /* test.swift in Sources */,
				B04459252B5F3531002CD33B /* VeterinarianEditView.swift in Sources */,
				B097645E2B64E389006C927F /* AnimalCollectionViewCell.swift in Sources */,
				B08C7EA12B549F1B0090E205 /* AddAnimalView.swift in Sources */,
				B04459302B5FDB79002CD33B /* AppointementViewController.swift in Sources */,
				B019FBAA2B6FD239007535C2 /* AnimalDetailCollectionViewCell.swift in Sources */,
				B0FB0FFD2B8786E100466FB1 /* AnimalHomeCollectionViewCell.swift in Sources */,
				B0A652642B6A3FA300ED57FC /* EditAnimalViewController.swift in Sources */,
				B04BDB942B4C11A600592B31 /* LoadingView.swift in Sources */,
				B0FB10062B87B4D800466FB1 /* OtherCollectionViewCell.swift in Sources */,
				B04BDB452B486FC200592B31 /* SceneDelegate.swift in Sources */,
				B00640812B4F73E4002A4139 /* AnimalTableViewCell.swift in Sources */,
			);
			runOnlyForDeploymentPostprocessing = 0;
		};
		B04BDB542B486FC300592B31 /* Sources */ = {
			isa = PBXSourcesBuildPhase;
			buildActionMask = 2147483647;
			files = (
				B0C928CE2BDA9D1400679AA0 /* Mock.generated.swift in Sources */,
				B04BDB5D2B486FC300592B31 /* PetCareTests.swift in Sources */,
			);
			runOnlyForDeploymentPostprocessing = 0;
		};
		B04BDB5E2B486FC300592B31 /* Sources */ = {
			isa = PBXSourcesBuildPhase;
			buildActionMask = 2147483647;
			files = (
				B04BDB672B486FC300592B31 /* PetCareUITests.swift in Sources */,
				B04BDB692B486FC300592B31 /* PetCareUITestsLaunchTests.swift in Sources */,
			);
			runOnlyForDeploymentPostprocessing = 0;
		};
/* End PBXSourcesBuildPhase section */

/* Begin PBXTargetDependency section */
		B04BDB5A2B486FC300592B31 /* PBXTargetDependency */ = {
			isa = PBXTargetDependency;
			target = B04BDB3E2B486FC200592B31 /* PetCare */;
			targetProxy = B04BDB592B486FC300592B31 /* PBXContainerItemProxy */;
		};
		B04BDB642B486FC300592B31 /* PBXTargetDependency */ = {
			isa = PBXTargetDependency;
			target = B04BDB3E2B486FC200592B31 /* PetCare */;
			targetProxy = B04BDB632B486FC300592B31 /* PBXContainerItemProxy */;
		};
/* End PBXTargetDependency section */

/* Begin PBXVariantGroup section */
		B04BDB502B486FC300592B31 /* LaunchScreen.storyboard */ = {
			isa = PBXVariantGroup;
			children = (
				B04BDB512B486FC300592B31 /* Base */,
			);
			name = LaunchScreen.storyboard;
			sourceTree = "<group>";
		};
/* End PBXVariantGroup section */

/* Begin XCBuildConfiguration section */
		B04BDB6A2B486FC300592B31 /* Debug */ = {
			isa = XCBuildConfiguration;
			buildSettings = {
				ALWAYS_SEARCH_USER_PATHS = NO;
				ASSETCATALOG_COMPILER_GENERATE_SWIFT_ASSET_SYMBOL_EXTENSIONS = YES;
				CLANG_ANALYZER_NONNULL = YES;
				CLANG_ANALYZER_NUMBER_OBJECT_CONVERSION = YES_AGGRESSIVE;
				CLANG_CXX_LANGUAGE_STANDARD = "gnu++20";
				CLANG_ENABLE_MODULES = YES;
				CLANG_ENABLE_OBJC_ARC = YES;
				CLANG_ENABLE_OBJC_WEAK = YES;
				CLANG_WARN_BLOCK_CAPTURE_AUTORELEASING = YES;
				CLANG_WARN_BOOL_CONVERSION = YES;
				CLANG_WARN_COMMA = YES;
				CLANG_WARN_CONSTANT_CONVERSION = YES;
				CLANG_WARN_DEPRECATED_OBJC_IMPLEMENTATIONS = YES;
				CLANG_WARN_DIRECT_OBJC_ISA_USAGE = YES_ERROR;
				CLANG_WARN_DOCUMENTATION_COMMENTS = YES;
				CLANG_WARN_EMPTY_BODY = YES;
				CLANG_WARN_ENUM_CONVERSION = YES;
				CLANG_WARN_INFINITE_RECURSION = YES;
				CLANG_WARN_INT_CONVERSION = YES;
				CLANG_WARN_NON_LITERAL_NULL_CONVERSION = YES;
				CLANG_WARN_OBJC_IMPLICIT_RETAIN_SELF = YES;
				CLANG_WARN_OBJC_LITERAL_CONVERSION = YES;
				CLANG_WARN_OBJC_ROOT_CLASS = YES_ERROR;
				CLANG_WARN_QUOTED_INCLUDE_IN_FRAMEWORK_HEADER = YES;
				CLANG_WARN_RANGE_LOOP_ANALYSIS = YES;
				CLANG_WARN_STRICT_PROTOTYPES = YES;
				CLANG_WARN_SUSPICIOUS_MOVE = YES;
				CLANG_WARN_UNGUARDED_AVAILABILITY = YES_AGGRESSIVE;
				CLANG_WARN_UNREACHABLE_CODE = YES;
				CLANG_WARN__DUPLICATE_METHOD_MATCH = YES;
				COPY_PHASE_STRIP = NO;
				DEBUG_INFORMATION_FORMAT = dwarf;
				ENABLE_STRICT_OBJC_MSGSEND = YES;
				ENABLE_TESTABILITY = YES;
				ENABLE_USER_SCRIPT_SANDBOXING = NO;
				GCC_C_LANGUAGE_STANDARD = gnu17;
				GCC_DYNAMIC_NO_PIC = NO;
				GCC_NO_COMMON_BLOCKS = YES;
				GCC_OPTIMIZATION_LEVEL = 0;
				GCC_PREPROCESSOR_DEFINITIONS = (
					"DEBUG=1",
					"$(inherited)",
				);
				GCC_WARN_64_TO_32_BIT_CONVERSION = YES;
				GCC_WARN_ABOUT_RETURN_TYPE = YES_ERROR;
				GCC_WARN_UNDECLARED_SELECTOR = YES;
				GCC_WARN_UNINITIALIZED_AUTOS = YES_AGGRESSIVE;
				GCC_WARN_UNUSED_FUNCTION = YES;
				GCC_WARN_UNUSED_VARIABLE = YES;
				IPHONEOS_DEPLOYMENT_TARGET = 17.2;
				LOCALIZATION_PREFERS_STRING_CATALOGS = YES;
				MTL_ENABLE_DEBUG_INFO = INCLUDE_SOURCE;
				MTL_FAST_MATH = YES;
				ONLY_ACTIVE_ARCH = YES;
				SDKROOT = iphoneos;
				SWIFT_ACTIVE_COMPILATION_CONDITIONS = "DEBUG $(inherited)";
				SWIFT_OPTIMIZATION_LEVEL = "-Onone";
			};
			name = Debug;
		};
		B04BDB6B2B486FC300592B31 /* Release */ = {
			isa = XCBuildConfiguration;
			buildSettings = {
				ALWAYS_SEARCH_USER_PATHS = NO;
				ASSETCATALOG_COMPILER_GENERATE_SWIFT_ASSET_SYMBOL_EXTENSIONS = YES;
				CLANG_ANALYZER_NONNULL = YES;
				CLANG_ANALYZER_NUMBER_OBJECT_CONVERSION = YES_AGGRESSIVE;
				CLANG_CXX_LANGUAGE_STANDARD = "gnu++20";
				CLANG_ENABLE_MODULES = YES;
				CLANG_ENABLE_OBJC_ARC = YES;
				CLANG_ENABLE_OBJC_WEAK = YES;
				CLANG_WARN_BLOCK_CAPTURE_AUTORELEASING = YES;
				CLANG_WARN_BOOL_CONVERSION = YES;
				CLANG_WARN_COMMA = YES;
				CLANG_WARN_CONSTANT_CONVERSION = YES;
				CLANG_WARN_DEPRECATED_OBJC_IMPLEMENTATIONS = YES;
				CLANG_WARN_DIRECT_OBJC_ISA_USAGE = YES_ERROR;
				CLANG_WARN_DOCUMENTATION_COMMENTS = YES;
				CLANG_WARN_EMPTY_BODY = YES;
				CLANG_WARN_ENUM_CONVERSION = YES;
				CLANG_WARN_INFINITE_RECURSION = YES;
				CLANG_WARN_INT_CONVERSION = YES;
				CLANG_WARN_NON_LITERAL_NULL_CONVERSION = YES;
				CLANG_WARN_OBJC_IMPLICIT_RETAIN_SELF = YES;
				CLANG_WARN_OBJC_LITERAL_CONVERSION = YES;
				CLANG_WARN_OBJC_ROOT_CLASS = YES_ERROR;
				CLANG_WARN_QUOTED_INCLUDE_IN_FRAMEWORK_HEADER = YES;
				CLANG_WARN_RANGE_LOOP_ANALYSIS = YES;
				CLANG_WARN_STRICT_PROTOTYPES = YES;
				CLANG_WARN_SUSPICIOUS_MOVE = YES;
				CLANG_WARN_UNGUARDED_AVAILABILITY = YES_AGGRESSIVE;
				CLANG_WARN_UNREACHABLE_CODE = YES;
				CLANG_WARN__DUPLICATE_METHOD_MATCH = YES;
				COPY_PHASE_STRIP = NO;
				DEBUG_INFORMATION_FORMAT = "dwarf-with-dsym";
				ENABLE_NS_ASSERTIONS = NO;
				ENABLE_STRICT_OBJC_MSGSEND = YES;
				ENABLE_USER_SCRIPT_SANDBOXING = NO;
				GCC_C_LANGUAGE_STANDARD = gnu17;
				GCC_NO_COMMON_BLOCKS = YES;
				GCC_WARN_64_TO_32_BIT_CONVERSION = YES;
				GCC_WARN_ABOUT_RETURN_TYPE = YES_ERROR;
				GCC_WARN_UNDECLARED_SELECTOR = YES;
				GCC_WARN_UNINITIALIZED_AUTOS = YES_AGGRESSIVE;
				GCC_WARN_UNUSED_FUNCTION = YES;
				GCC_WARN_UNUSED_VARIABLE = YES;
				IPHONEOS_DEPLOYMENT_TARGET = 17.2;
				LOCALIZATION_PREFERS_STRING_CATALOGS = YES;
				MTL_ENABLE_DEBUG_INFO = NO;
				MTL_FAST_MATH = YES;
				SDKROOT = iphoneos;
				SWIFT_COMPILATION_MODE = wholemodule;
				VALIDATE_PRODUCT = YES;
			};
			name = Release;
		};
		B04BDB6D2B486FC300592B31 /* Debug */ = {
			isa = XCBuildConfiguration;
			baseConfigurationReference = 601CD90CBB86942FE805F358 /* Pods-PetCare.debug.xcconfig */;
			buildSettings = {
				ASSETCATALOG_COMPILER_APPICON_NAME = AppIcon;
				ASSETCATALOG_COMPILER_GLOBAL_ACCENT_COLOR_NAME = AccentColor;
				CODE_SIGN_STYLE = Automatic;
				CURRENT_PROJECT_VERSION = 1;
				DEBUG_INFORMATION_FORMAT = "dwarf-with-dsym";
				DEVELOPMENT_TEAM = 6T4FKUCAHQ;
				GENERATE_INFOPLIST_FILE = YES;
				INFOPLIST_FILE = PetCare/Info.plist;
				INFOPLIST_KEY_UIApplicationSupportsIndirectInputEvents = YES;
				INFOPLIST_KEY_UILaunchStoryboardName = LaunchScreen;
				INFOPLIST_KEY_UIMainStoryboardFile = "";
				INFOPLIST_KEY_UISupportedInterfaceOrientations_iPad = "UIInterfaceOrientationPortrait UIInterfaceOrientationPortraitUpsideDown UIInterfaceOrientationLandscapeLeft UIInterfaceOrientationLandscapeRight";
				INFOPLIST_KEY_UISupportedInterfaceOrientations_iPhone = "UIInterfaceOrientationPortrait UIInterfaceOrientationLandscapeLeft UIInterfaceOrientationLandscapeRight";
				LD_RUNPATH_SEARCH_PATHS = (
					"$(inherited)",
					"@executable_path/Frameworks",
				);
				MARKETING_VERSION = 1.0;
				OTHER_LDFLAGS = (
					"$(inherited)",
					"-l\"swiftCoreGraphics\"",
					"-framework",
					"\"CoreGraphics\"",
					"-framework",
					"\"Foundation\"",
					"-framework",
					"\"IQKeyboardManagerSwift\"",
					"-framework",
					"\"Lottie\"",
					"-framework",
					"\"QuartzCore\"",
					"-framework",
					"\"UIKit\"",
					"-ObjC",
				);
				PRODUCT_BUNDLE_IDENTIFIER = com.melvinpoutrel.PetCare;
				PRODUCT_NAME = "$(TARGET_NAME)";
				SWIFT_EMIT_LOC_STRINGS = YES;
				SWIFT_VERSION = 5.0;
				TARGETED_DEVICE_FAMILY = "1,2";
			};
			name = Debug;
		};
		B04BDB6E2B486FC300592B31 /* Release */ = {
			isa = XCBuildConfiguration;
			baseConfigurationReference = D563D8595AAC766E5B862F3E /* Pods-PetCare.release.xcconfig */;
			buildSettings = {
				ASSETCATALOG_COMPILER_APPICON_NAME = AppIcon;
				ASSETCATALOG_COMPILER_GLOBAL_ACCENT_COLOR_NAME = AccentColor;
				CODE_SIGN_STYLE = Automatic;
				CURRENT_PROJECT_VERSION = 1;
				DEVELOPMENT_TEAM = 6T4FKUCAHQ;
				GENERATE_INFOPLIST_FILE = YES;
				INFOPLIST_FILE = PetCare/Info.plist;
				INFOPLIST_KEY_UIApplicationSupportsIndirectInputEvents = YES;
				INFOPLIST_KEY_UILaunchStoryboardName = LaunchScreen;
				INFOPLIST_KEY_UIMainStoryboardFile = "";
				INFOPLIST_KEY_UISupportedInterfaceOrientations_iPad = "UIInterfaceOrientationPortrait UIInterfaceOrientationPortraitUpsideDown UIInterfaceOrientationLandscapeLeft UIInterfaceOrientationLandscapeRight";
				INFOPLIST_KEY_UISupportedInterfaceOrientations_iPhone = "UIInterfaceOrientationPortrait UIInterfaceOrientationLandscapeLeft UIInterfaceOrientationLandscapeRight";
				LD_RUNPATH_SEARCH_PATHS = (
					"$(inherited)",
					"@executable_path/Frameworks",
				);
				MARKETING_VERSION = 1.0;
				OTHER_LDFLAGS = (
					"$(inherited)",
					"-l\"swiftCoreGraphics\"",
					"-framework",
					"\"CoreGraphics\"",
					"-framework",
					"\"Foundation\"",
					"-framework",
					"\"IQKeyboardManagerSwift\"",
					"-framework",
					"\"Lottie\"",
					"-framework",
					"\"QuartzCore\"",
					"-framework",
					"\"UIKit\"",
					"-ObjC",
				);
				PRODUCT_BUNDLE_IDENTIFIER = com.melvinpoutrel.PetCare;
				PRODUCT_NAME = "$(TARGET_NAME)";
				SWIFT_EMIT_LOC_STRINGS = YES;
				SWIFT_VERSION = 5.0;
				TARGETED_DEVICE_FAMILY = "1,2";
			};
			name = Release;
		};
		B04BDB702B486FC300592B31 /* Debug */ = {
			isa = XCBuildConfiguration;
			baseConfigurationReference = 65D73E0EB6A0019121299614 /* Pods-PetCareTests.debug.xcconfig */;
			buildSettings = {
				ALWAYS_EMBED_SWIFT_STANDARD_LIBRARIES = YES;
				BUNDLE_LOADER = "$(TEST_HOST)";
				CODE_SIGN_STYLE = Automatic;
				CURRENT_PROJECT_VERSION = 1;
				DEVELOPMENT_TEAM = 6T4FKUCAHQ;
				GENERATE_INFOPLIST_FILE = YES;
				IPHONEOS_DEPLOYMENT_TARGET = 17.2;
				MARKETING_VERSION = 1.0;
				PRODUCT_BUNDLE_IDENTIFIER = com.melvinpoutrel.PetCareTests;
				PRODUCT_NAME = "$(TARGET_NAME)";
				SWIFT_EMIT_LOC_STRINGS = NO;
				SWIFT_VERSION = 5.0;
				TARGETED_DEVICE_FAMILY = "1,2";
				TEST_HOST = "$(BUILT_PRODUCTS_DIR)/PetCare.app/$(BUNDLE_EXECUTABLE_FOLDER_PATH)/PetCare";
			};
			name = Debug;
		};
		B04BDB712B486FC300592B31 /* Release */ = {
			isa = XCBuildConfiguration;
			baseConfigurationReference = DFE555EF0614059EA2D37D0E /* Pods-PetCareTests.release.xcconfig */;
			buildSettings = {
				ALWAYS_EMBED_SWIFT_STANDARD_LIBRARIES = YES;
				BUNDLE_LOADER = "$(TEST_HOST)";
				CODE_SIGN_STYLE = Automatic;
				CURRENT_PROJECT_VERSION = 1;
				DEVELOPMENT_TEAM = 6T4FKUCAHQ;
				GENERATE_INFOPLIST_FILE = YES;
				IPHONEOS_DEPLOYMENT_TARGET = 17.2;
				MARKETING_VERSION = 1.0;
				PRODUCT_BUNDLE_IDENTIFIER = com.melvinpoutrel.PetCareTests;
				PRODUCT_NAME = "$(TARGET_NAME)";
				SWIFT_EMIT_LOC_STRINGS = NO;
				SWIFT_VERSION = 5.0;
				TARGETED_DEVICE_FAMILY = "1,2";
				TEST_HOST = "$(BUILT_PRODUCTS_DIR)/PetCare.app/$(BUNDLE_EXECUTABLE_FOLDER_PATH)/PetCare";
			};
			name = Release;
		};
		B04BDB732B486FC300592B31 /* Debug */ = {
			isa = XCBuildConfiguration;
			baseConfigurationReference = B4B93210732F5A367B703D89 /* Pods-PetCare-PetCareUITests.debug.xcconfig */;
			buildSettings = {
				ALWAYS_EMBED_SWIFT_STANDARD_LIBRARIES = YES;
				CODE_SIGN_STYLE = Automatic;
				CURRENT_PROJECT_VERSION = 1;
				DEVELOPMENT_TEAM = 6T4FKUCAHQ;
				GENERATE_INFOPLIST_FILE = YES;
				MARKETING_VERSION = 1.0;
				PRODUCT_BUNDLE_IDENTIFIER = com.melvinpoutrel.PetCareUITests;
				PRODUCT_NAME = "$(TARGET_NAME)";
				SWIFT_EMIT_LOC_STRINGS = NO;
				SWIFT_VERSION = 5.0;
				TARGETED_DEVICE_FAMILY = "1,2";
				TEST_TARGET_NAME = PetCare;
			};
			name = Debug;
		};
		B04BDB742B486FC300592B31 /* Release */ = {
			isa = XCBuildConfiguration;
			baseConfigurationReference = E5C0DE66ECA6BFAE56B184D9 /* Pods-PetCare-PetCareUITests.release.xcconfig */;
			buildSettings = {
				ALWAYS_EMBED_SWIFT_STANDARD_LIBRARIES = YES;
				CODE_SIGN_STYLE = Automatic;
				CURRENT_PROJECT_VERSION = 1;
				DEVELOPMENT_TEAM = 6T4FKUCAHQ;
				GENERATE_INFOPLIST_FILE = YES;
				MARKETING_VERSION = 1.0;
				PRODUCT_BUNDLE_IDENTIFIER = com.melvinpoutrel.PetCareUITests;
				PRODUCT_NAME = "$(TARGET_NAME)";
				SWIFT_EMIT_LOC_STRINGS = NO;
				SWIFT_VERSION = 5.0;
				TARGETED_DEVICE_FAMILY = "1,2";
				TEST_TARGET_NAME = PetCare;
			};
			name = Release;
		};
/* End XCBuildConfiguration section */

/* Begin XCConfigurationList section */
		B04BDB3A2B486FC200592B31 /* Build configuration list for PBXProject "PetCare" */ = {
			isa = XCConfigurationList;
			buildConfigurations = (
				B04BDB6A2B486FC300592B31 /* Debug */,
				B04BDB6B2B486FC300592B31 /* Release */,
			);
			defaultConfigurationIsVisible = 0;
			defaultConfigurationName = Release;
		};
		B04BDB6C2B486FC300592B31 /* Build configuration list for PBXNativeTarget "PetCare" */ = {
			isa = XCConfigurationList;
			buildConfigurations = (
				B04BDB6D2B486FC300592B31 /* Debug */,
				B04BDB6E2B486FC300592B31 /* Release */,
			);
			defaultConfigurationIsVisible = 0;
			defaultConfigurationName = Release;
		};
		B04BDB6F2B486FC300592B31 /* Build configuration list for PBXNativeTarget "PetCareTests" */ = {
			isa = XCConfigurationList;
			buildConfigurations = (
				B04BDB702B486FC300592B31 /* Debug */,
				B04BDB712B486FC300592B31 /* Release */,
			);
			defaultConfigurationIsVisible = 0;
			defaultConfigurationName = Release;
		};
		B04BDB722B486FC300592B31 /* Build configuration list for PBXNativeTarget "PetCareUITests" */ = {
			isa = XCConfigurationList;
			buildConfigurations = (
				B04BDB732B486FC300592B31 /* Debug */,
				B04BDB742B486FC300592B31 /* Release */,
			);
			defaultConfigurationIsVisible = 0;
			defaultConfigurationName = Release;
		};
/* End XCConfigurationList section */

/* Begin XCRemoteSwiftPackageReference section */
		B005C3DC2BA1B5C700D1C3BE /* XCRemoteSwiftPackageReference "firebase-ios-sdk" */ = {
			isa = XCRemoteSwiftPackageReference;
			repositoryURL = "https://github.com/firebase/firebase-ios-sdk";
			requirement = {
				kind = upToNextMajorVersion;
				minimumVersion = 10.22.1;
			};
		};
/* End XCRemoteSwiftPackageReference section */

/* Begin XCSwiftPackageProductDependency section */
		B005C3DD2BA1B72200D1C3BE /* FirebaseAnalytics */ = {
			isa = XCSwiftPackageProductDependency;
			package = B005C3DC2BA1B5C700D1C3BE /* XCRemoteSwiftPackageReference "firebase-ios-sdk" */;
			productName = FirebaseAnalytics;
		};
		B005C3DF2BA1B72200D1C3BE /* FirebaseCrashlytics */ = {
			isa = XCSwiftPackageProductDependency;
			package = B005C3DC2BA1B5C700D1C3BE /* XCRemoteSwiftPackageReference "firebase-ios-sdk" */;
			productName = FirebaseCrashlytics;
		};
/* End XCSwiftPackageProductDependency section */

/* Begin XCVersionGroup section */
		B04BDB4B2B486FC200592B31 /* PetCare.xcdatamodeld */ = {
			isa = XCVersionGroup;
			children = (
				B04BDB4C2B486FC200592B31 /* PetCare.xcdatamodel */,
			);
			currentVersion = B04BDB4C2B486FC200592B31 /* PetCare.xcdatamodel */;
			path = PetCare.xcdatamodeld;
			sourceTree = "<group>";
			versionGroupType = wrapper.xcdatamodel;
		};
/* End XCVersionGroup section */
	};
	rootObject = B04BDB372B486FC200592B31 /* Project object */;
}
